
Microsoft Visual Studio Solution File, Format Version 12.00
# Visual Studio Version 17
VisualStudioVersion = 17.14.36518.9
MinimumVisualStudioVersion = 10.0.40219.1
Project("{FAE04EC0-301F-11D3-BF4B-00C04F79EFBC}") = "курсовароб", "курсовароб\курсовароб.csproj", "{3711EB68-2779-4743-ADA6-0D865304F71E}"
EndProject
Global
	GlobalSection(SolutionConfigurationPlatforms) = preSolution
		Debug|Any CPU = Debug|Any CPU
		Release|Any CPU = Release|Any CPU
	EndGlobalSection
	GlobalSection(ProjectConfigurationPlatforms) = postSolution
		{3711EB68-2779-4743-ADA6-0D865304F71E}.Debug|Any CPU.ActiveCfg = Debug|Any CPU
		{3711EB68-2779-4743-ADA6-0D865304F71E}.Debug|Any CPU.Build.0 = Debug|Any CPU
		{3711EB68-2779-4743-ADA6-0D865304F71E}.Release|Any CPU.ActiveCfg = Release|Any CPU
		{3711EB68-2779-4743-ADA6-0D865304F71E}.Release|Any CPU.Build.0 = Release|Any CPU
	EndGlobalSection
	GlobalSection(SolutionProperties) = preSolution
		HideSolutionNode = FALSE
	EndGlobalSection
	GlobalSection(ExtensibilityGlobals) = postSolution
		SolutionGuid = {F687A50A-04B4-4DCB-919D-F54A68765A71}
	EndGlobalSection
EndGlobal
