
Microsoft Visual Studio Solution File, Format Version 12.00
# Visual Studio Version 17
VisualStudioVersion = 17.14.36518.9 d17.14
MinimumVisualStudioVersion = 10.0.40219.1
Project("{FAE04EC0-301F-11D3-BF4B-00C04F79EFBC}") = "Lab04_Tablets_NET8_Project", "Lab04_Tablets_NET8_Project.csproj", "{7BDCC9CE-604C-88A2-1156-8BFA8868C8B6}"
EndProject
Global
	GlobalSection(SolutionConfigurationPlatforms) = preSolution
		Debug|Any CPU = Debug|Any CPU
		Release|Any CPU = Release|Any CPU
	EndGlobalSection
	GlobalSection(ProjectConfigurationPlatforms) = postSolution
		{7BDCC9CE-604C-88A2-1156-8BFA8868C8B6}.Debug|Any CPU.ActiveCfg = Debug|Any CPU
		{7BDCC9CE-604C-88A2-1156-8BFA8868C8B6}.Debug|Any CPU.Build.0 = Debug|Any CPU
		{7BDCC9CE-604C-88A2-1156-8BFA8868C8B6}.Release|Any CPU.ActiveCfg = Release|Any CPU
		{7BDCC9CE-604C-88A2-1156-8BFA8868C8B6}.Release|Any CPU.Build.0 = Release|Any CPU
	EndGlobalSection
	GlobalSection(SolutionProperties) = preSolution
		HideSolutionNode = FALSE
	EndGlobalSection
	GlobalSection(ExtensibilityGlobals) = postSolution
		SolutionGuid = {4C0A0F7E-6BEB-4553-8ACA-8C6306DD8D4A}
	EndGlobalSection
EndGlobal
