
Microsoft Visual Studio Solution File, Format Version 12.00
# Visual Studio Version 16
VisualStudioVersion = 25.0.1706.14
MinimumVisualStudioVersion = 10.0.40219.1
Project("{FAE04EC0-301F-11D3-BF4B-00C04F79EFBC}") = "А та П ЛР2 Харьков", "А та П ЛР2 Харьков\А та П ЛР2 Харьков.csproj", "{7D154552-D244-49C5-BA87-5240B0484F9C}"
EndProject
Global
	GlobalSection(SolutionConfigurationPlatforms) = preSolution
		Debug|Any CPU = Debug|Any CPU
		Release|Any CPU = Release|Any CPU
	EndGlobalSection
	GlobalSection(ProjectConfigurationPlatforms) = postSolution
		{7D154552-D244-49C5-BA87-5240B0484F9C}.Debug|Any CPU.ActiveCfg = Debug|Any CPU
		{7D154552-D244-49C5-BA87-5240B0484F9C}.Debug|Any CPU.Build.0 = Debug|Any CPU
		{7D154552-D244-49C5-BA87-5240B0484F9C}.Release|Any CPU.ActiveCfg = Release|Any CPU
		{7D154552-D244-49C5-BA87-5240B0484F9C}.Release|Any CPU.Build.0 = Release|Any CPU
	EndGlobalSection
	GlobalSection(SolutionProperties) = preSolution
		HideSolutionNode = FALSE
	EndGlobalSection
	GlobalSection(ExtensibilityGlobals) = postSolution
		SolutionGuid = {64C19B66-ACE9-4652-8991-A0F5754E1BC5}
	EndGlobalSection
EndGlobal
