
Microsoft Visual Studio Solution File, Format Version 12.00
# Visual Studio Version 17
VisualStudioVersion = 17.14.36518.9 d17.14
MinimumVisualStudioVersion = 10.0.40219.1
Project("{FAE04EC0-301F-11D3-BF4B-00C04F79EFBC}") = "лаб6", "лаб6\лаб6.csproj", "{AD8D983F-3A76-4C15-AE9C-5DEBB2D437BE}"
EndProject
Global
	GlobalSection(SolutionConfigurationPlatforms) = preSolution
		Debug|Any CPU = Debug|Any CPU
		Release|Any CPU = Release|Any CPU
	EndGlobalSection
	GlobalSection(ProjectConfigurationPlatforms) = postSolution
		{AD8D983F-3A76-4C15-AE9C-5DEBB2D437BE}.Debug|Any CPU.ActiveCfg = Debug|Any CPU
		{AD8D983F-3A76-4C15-AE9C-5DEBB2D437BE}.Debug|Any CPU.Build.0 = Debug|Any CPU
		{AD8D983F-3A76-4C15-AE9C-5DEBB2D437BE}.Release|Any CPU.ActiveCfg = Release|Any CPU
		{AD8D983F-3A76-4C15-AE9C-5DEBB2D437BE}.Release|Any CPU.Build.0 = Release|Any CPU
	EndGlobalSection
	GlobalSection(SolutionProperties) = preSolution
		HideSolutionNode = FALSE
	EndGlobalSection
	GlobalSection(ExtensibilityGlobals) = postSolution
		SolutionGuid = {9EE973A4-7D57-4BCC-AADB-D33EC988745F}
	EndGlobalSection
EndGlobal
