
Microsoft Visual Studio Solution File, Format Version 12.00
# Visual Studio Version 16
VisualStudioVersion = 25.0.1706.14
MinimumVisualStudioVersion = 10.0.40219.1
Project("{FAE04EC0-301F-11D3-BF4B-00C04F79EFBC}") = "А та П ЛР3 Харьков", "А та П ЛР3 Харьков\А та П ЛР3 Харьков.csproj", "{7BBEDF2C-E414-4D0B-AEF9-D95B23334F82}"
EndProject
Global
	GlobalSection(SolutionConfigurationPlatforms) = preSolution
		Debug|Any CPU = Debug|Any CPU
		Release|Any CPU = Release|Any CPU
	EndGlobalSection
	GlobalSection(ProjectConfigurationPlatforms) = postSolution
		{7BBEDF2C-E414-4D0B-AEF9-D95B23334F82}.Debug|Any CPU.ActiveCfg = Debug|Any CPU
		{7BBEDF2C-E414-4D0B-AEF9-D95B23334F82}.Debug|Any CPU.Build.0 = Debug|Any CPU
		{7BBEDF2C-E414-4D0B-AEF9-D95B23334F82}.Release|Any CPU.ActiveCfg = Release|Any CPU
		{7BBEDF2C-E414-4D0B-AEF9-D95B23334F82}.Release|Any CPU.Build.0 = Release|Any CPU
	EndGlobalSection
	GlobalSection(SolutionProperties) = preSolution
		HideSolutionNode = FALSE
	EndGlobalSection
	GlobalSection(ExtensibilityGlobals) = postSolution
		SolutionGuid = {EA0CF7EE-F6EC-4169-A8BA-C22A300CDDA8}
	EndGlobalSection
EndGlobal
